
Microsoft Visual Studio Solution File, Format Version 12.00
# Visual Studio Version 16
VisualStudioVersion = 16.0.32901.82
MinimumVisualStudioVersion = 10.0.40219.1
Project("{FAE04EC0-301F-11D3-BF4B-00C04F79EFBC}") = "api-usuario", "api-usuario\api-usuario.csproj", "{F37FEBD8-3D8B-4DB5-96FD-3882D2300CF8}"
EndProject
Global
	GlobalSection(SolutionConfigurationPlatforms) = preSolution
		Debug|Any CPU = Debug|Any CPU
		Release|Any CPU = Release|Any CPU
	EndGlobalSection
	GlobalSection(ProjectConfigurationPlatforms) = postSolution
		{F37FEBD8-3D8B-4DB5-96FD-3882D2300CF8}.Debug|Any CPU.ActiveCfg = Debug|Any CPU
		{F37FEBD8-3D8B-4DB5-96FD-3882D2300CF8}.Debug|Any CPU.Build.0 = Debug|Any CPU
		{F37FEBD8-3D8B-4DB5-96FD-3882D2300CF8}.Release|Any CPU.ActiveCfg = Release|Any CPU
		{F37FEBD8-3D8B-4DB5-96FD-3882D2300CF8}.Release|Any CPU.Build.0 = Release|Any CPU
	EndGlobalSection
	GlobalSection(SolutionProperties) = preSolution
		HideSolutionNode = FALSE
	EndGlobalSection
	GlobalSection(ExtensibilityGlobals) = postSolution
		SolutionGuid = {FE8B662C-EF75-45F4-958F-32D7323EB23B}
	EndGlobalSection
EndGlobal
