
Microsoft Visual Studio Solution File, Format Version 12.00
# Visual Studio Version 17
VisualStudioVersion = 17.2.32516.85
MinimumVisualStudioVersion = 10.0.40219.1
Project("{FAE04EC0-301F-11D3-BF4B-00C04F79EFBC}") = "api-bodega", "api-bodega.csproj", "{DD9CB26D-2F10-4030-A209-991853B02A88}"
EndProject
Global
	GlobalSection(SolutionConfigurationPlatforms) = preSolution
		Debug|Any CPU = Debug|Any CPU
		Release|Any CPU = Release|Any CPU
	EndGlobalSection
	GlobalSection(ProjectConfigurationPlatforms) = postSolution
		{DD9CB26D-2F10-4030-A209-991853B02A88}.Debug|Any CPU.ActiveCfg = Debug|Any CPU
		{DD9CB26D-2F10-4030-A209-991853B02A88}.Debug|Any CPU.Build.0 = Debug|Any CPU
		{DD9CB26D-2F10-4030-A209-991853B02A88}.Release|Any CPU.ActiveCfg = Release|Any CPU
		{DD9CB26D-2F10-4030-A209-991853B02A88}.Release|Any CPU.Build.0 = Release|Any CPU
	EndGlobalSection
	GlobalSection(SolutionProperties) = preSolution
		HideSolutionNode = FALSE
	EndGlobalSection
	GlobalSection(ExtensibilityGlobals) = postSolution
		SolutionGuid = {52FBA6C0-DAEC-4760-A726-5279D72131E0}
	EndGlobalSection
EndGlobal
